{
  "object": {
    "pins": [
      {
        "package": "Preview",
        "repositoryURL": "https://git.nizek.com/mmirshafa/preview-package",
        "state": {
          "branch": null,
          "revision": "22445a947ea0f1028f7cb2e1333bdca3982b31c1",
          "version": "1.0.2"
        }
      },
      {
        "package": "SDWebImage",
        "repositoryURL": "https://github.com/SDWebImage/SDWebImage.git",
        "state": {
          "branch": null,
          "revision": "a72df4849408da7e5d3c1b586797b7c601c41d1b",
          "version": "5.12.1"
        }
      }
    ]
  },
  "version": 1
}
